// !$*UTF8*$!
{
	archiveVersion = 1;
	classes = {
	};
	objectVersion = 56;
	objects = {

/* Begin PBXBuildFile section */
		3A1AD7B3292931A6004F1C66 /* ParkingView.swift in Sources */ = {isa = PBXBuildFile; fileRef = 3A1AD7B2292931A6004F1C66 /* ParkingView.swift */; };
		3A37616F2928F652007663ED /* TableData.swift in Sources */ = {isa = PBXBuildFile; fileRef = 3A37616E2928F652007663ED /* TableData.swift */; };
		3A3761712928F664007663ED /* TableModeling.swift in Sources */ = {isa = PBXBuildFile; fileRef = 3A3761702928F664007663ED /* TableModeling.swift */; };
		3A3761732928FA6D007663ED /* TableRowView.swift in Sources */ = {isa = PBXBuildFile; fileRef = 3A3761722928FA6D007663ED /* TableRowView.swift */; };
		3A5073672926D17000151323 /* MyTicketsView.swift in Sources */ = {isa = PBXBuildFile; fileRef = 3A5073662926D17000151323 /* MyTicketsView.swift */; };
		3A59652F292646BB00901C8E /* TicketsView.swift in Sources */ = {isa = PBXBuildFile; fileRef = 3A59652E292646BB00901C8E /* TicketsView.swift */; };
		3A596535292646F400901C8E /* SharingView.swift in Sources */ = {isa = PBXBuildFile; fileRef = 3A596534292646F400901C8E /* SharingView.swift */; };
		3AB97DE8292563C0008E815E /* UnicoCampaniaRedesignApp.swift in Sources */ = {isa = PBXBuildFile; fileRef = 3AB97DE7292563C0008E815E /* UnicoCampaniaRedesignApp.swift */; };
		3AB97DEA292563C0008E815E /* ContentView.swift in Sources */ = {isa = PBXBuildFile; fileRef = 3AB97DE9292563C0008E815E /* ContentView.swift */; };
		3AB97DEC292563C1008E815E /* Assets.xcassets in Resources */ = {isa = PBXBuildFile; fileRef = 3AB97DEB292563C1008E815E /* Assets.xcassets */; };
		3AB97DEF292563C1008E815E /* Preview Assets.xcassets in Resources */ = {isa = PBXBuildFile; fileRef = 3AB97DEE292563C1008E815E /* Preview Assets.xcassets */; };
/* End PBXBuildFile section */

/* Begin PBXFileReference section */
		3A1AD7B2292931A6004F1C66 /* ParkingView.swift */ = {isa = PBXFileReference; lastKnownFileType = sourcecode.swift; path = ParkingView.swift; sourceTree = "<group>"; };
		3A37616E2928F652007663ED /* TableData.swift */ = {isa = PBXFileReference; lastKnownFileType = sourcecode.swift; path = TableData.swift; sourceTree = "<group>"; };
		3A3761702928F664007663ED /* TableModeling.swift */ = {isa = PBXFileReference; lastKnownFileType = sourcecode.swift; path = TableModeling.swift; sourceTree = "<group>"; };
		3A3761722928FA6D007663ED /* TableRowView.swift */ = {isa = PBXFileReference; lastKnownFileType = sourcecode.swift; path = TableRowView.swift; sourceTree = "<group>"; };
		3A5073662926D17000151323 /* MyTicketsView.swift */ = {isa = PBXFileReference; lastKnownFileType = sourcecode.swift; path = MyTicketsView.swift; sourceTree = "<group>"; };
		3A59652E292646BB00901C8E /* TicketsView.swift */ = {isa = PBXFileReference; lastKnownFileType = sourcecode.swift; path = TicketsView.swift; sourceTree = "<group>"; };
		3A596534292646F400901C8E /* SharingView.swift */ = {isa = PBXFileReference; lastKnownFileType = sourcecode.swift; path = SharingView.swift; sourceTree = "<group>"; };
		3AB97DE4292563C0008E815E /* UnicoCampaniaRedesign.app */ = {isa = PBXFileReference; explicitFileType = wrapper.application; includeInIndex = 0; path = UnicoCampaniaRedesign.app; sourceTree = BUILT_PRODUCTS_DIR; };
		3AB97DE7292563C0008E815E /* UnicoCampaniaRedesignApp.swift */ = {isa = PBXFileReference; lastKnownFileType = sourcecode.swift; path = UnicoCampaniaRedesignApp.swift; sourceTree = "<group>"; };
		3AB97DE9292563C0008E815E /* ContentView.swift */ = {isa = PBXFileReference; lastKnownFileType = sourcecode.swift; path = ContentView.swift; sourceTree = "<group>"; };
		3AB97DEB292563C1008E815E /* Assets.xcassets */ = {isa = PBXFileReference; lastKnownFileType = folder.assetcatalog; path = Assets.xcassets; sourceTree = "<group>"; };
		3AB97DEE292563C1008E815E /* Preview Assets.xcassets */ = {isa = PBXFileReference; lastKnownFileType = folder.assetcatalog; path = "Preview Assets.xcassets"; sourceTree = "<group>"; };
/* End PBXFileReference section */

/* Begin PBXFrameworksBuildPhase section */
		3AB97DE1292563C0008E815E /* Frameworks */ = {
			isa = PBXFrameworksBuildPhase;
			buildActionMask = 2147483647;
			files = (
			);
			runOnlyForDeploymentPostprocessing = 0;
		};
/* End PBXFrameworksBuildPhase section */

/* Begin PBXGroup section */
		3A59652C2926469000901C8E /* Model */ = {
			isa = PBXGroup;
			children = (
				3A37616E2928F652007663ED /* TableData.swift */,
				3A3761702928F664007663ED /* TableModeling.swift */,
			);
			path = Model;
			sourceTree = "<group>";
		};
		3A59652D2926469600901C8E /* View */ = {
			isa = PBXGroup;
			children = (
				3AB97DE9292563C0008E815E /* ContentView.swift */,
				3A1AD7B2292931A6004F1C66 /* ParkingView.swift */,
				3A59652E292646BB00901C8E /* TicketsView.swift */,
				3A596534292646F400901C8E /* SharingView.swift */,
				3A5073662926D17000151323 /* MyTicketsView.swift */,
				3A3761722928FA6D007663ED /* TableRowView.swift */,
			);
			path = View;
			sourceTree = "<group>";
		};
		3AB97DDB292563C0008E815E = {
			isa = PBXGroup;
			children = (
				3AB97DE6292563C0008E815E /* UnicoCampaniaRedesign */,
				3AB97DE5292563C0008E815E /* Products */,
			);
			sourceTree = "<group>";
		};
		3AB97DE5292563C0008E815E /* Products */ = {
			isa = PBXGroup;
			children = (
				3AB97DE4292563C0008E815E /* UnicoCampaniaRedesign.app */,
			);
			name = Products;
			sourceTree = "<group>";
		};
		3AB97DE6292563C0008E815E /* UnicoCampaniaRedesign */ = {
			isa = PBXGroup;
			children = (
				3A59652D2926469600901C8E /* View */,
				3A59652C2926469000901C8E /* Model */,
				3AB97DE7292563C0008E815E /* UnicoCampaniaRedesignApp.swift */,
				3AB97DEB292563C1008E815E /* Assets.xcassets */,
				3AB97DED292563C1008E815E /* Preview Content */,
			);
			path = UnicoCampaniaRedesign;
			sourceTree = "<group>";
		};
		3AB97DED292563C1008E815E /* Preview Content */ = {
			isa = PBXGroup;
			children = (
				3AB97DEE292563C1008E815E /* Preview Assets.xcassets */,
			);
			path = "Preview Content";
			sourceTree = "<group>";
		};
/* End PBXGroup section */

/* Begin PBXNativeTarget section */
		3AB97DE3292563C0008E815E /* UnicoCampaniaRedesign */ = {
			isa = PBXNativeTarget;
			buildConfigurationList = 3AB97DF2292563C1008E815E /* Build configuration list for PBXNativeTarget "UnicoCampaniaRedesign" */;
			buildPhases = (
				3AB97DE0292563C0008E815E /* Sources */,
				3AB97DE1292563C0008E815E /* Frameworks */,
				3AB97DE2292563C0008E815E /* Resources */,
			);
			buildRules = (
			);
			dependencies = (
			);
			name = UnicoCampaniaRedesign;
			productName = UnicoCampaniaRedesign;
			productReference = 3AB97DE4292563C0008E815E /* UnicoCampaniaRedesign.app */;
			productType = "com.apple.product-type.application";
		};
/* End PBXNativeTarget section */

/* Begin PBXProject section */
		3AB97DDC292563C0008E815E /* Project object */ = {
			isa = PBXProject;
			attributes = {
				BuildIndependentTargetsInParallel = 1;
				LastSwiftUpdateCheck = 1400;
				LastUpgradeCheck = 1400;
				TargetAttributes = {
					3AB97DE3292563C0008E815E = {
						CreatedOnToolsVersion = 14.0.1;
					};
				};
			};
			buildConfigurationList = 3AB97DDF292563C0008E815E /* Build configuration list for PBXProject "UnicoCampaniaRedesign" */;
			compatibilityVersion = "Xcode 14.0";
			developmentRegion = en;
			hasScannedForEncodings = 0;
			knownRegions = (
				en,
				Base,
			);
			mainGroup = 3AB97DDB292563C0008E815E;
			productRefGroup = 3AB97DE5292563C0008E815E /* Products */;
			projectDirPath = "";
			projectRoot = "";
			targets = (
				3AB97DE3292563C0008E815E /* UnicoCampaniaRedesign */,
			);
		};
/* End PBXProject section */

/* Begin PBXResourcesBuildPhase section */
		3AB97DE2292563C0008E815E /* Resources */ = {
			isa = PBXResourcesBuildPhase;
			buildActionMask = 2147483647;
			files = (
				3AB97DEF292563C1008E815E /* Preview Assets.xcassets in Resources */,
				3AB97DEC292563C1008E815E /* Assets.xcassets in Resources */,
			);
			runOnlyForDeploymentPostprocessing = 0;
		};
/* End PBXResourcesBuildPhase section */

/* Begin PBXSourcesBuildPhase section */
		3AB97DE0292563C0008E815E /* Sources */ = {
			isa = PBXSourcesBuildPhase;
			buildActionMask = 2147483647;
			files = (
				3A59652F292646BB00901C8E /* TicketsView.swift in Sources */,
				3AB97DEA292563C0008E815E /* ContentView.swift in Sources */,
				3AB97DE8292563C0008E815E /* UnicoCampaniaRedesignApp.swift in Sources */,
				3A1AD7B3292931A6004F1C66 /* ParkingView.swift in Sources */,
				3A37616F2928F652007663ED /* TableData.swift in Sources */,
				3A596535292646F400901C8E /* SharingView.swift in Sources */,
				3A3761732928FA6D007663ED /* TableRowView.swift in Sources */,
				3A5073672926D17000151323 /* MyTicketsView.swift in Sources */,
				3A3761712928F664007663ED /* TableModeling.swift in Sources */,
			);
			runOnlyForDeploymentPostprocessing = 0;
		};
/* End PBXSourcesBuildPhase section */

/* Begin XCBuildConfiguration section */
		3AB97DF0292563C1008E815E /* Debug */ = {
			isa = XCBuildConfiguration;
			buildSettings = {
				ALWAYS_SEARCH_USER_PATHS = NO;
				CLANG_ANALYZER_NONNULL = YES;
				CLANG_ANALYZER_NUMBER_OBJECT_CONVERSION = YES_AGGRESSIVE;
				CLANG_CXX_LANGUAGE_STANDARD = "gnu++20";
				CLANG_ENABLE_MODULES = YES;
				CLANG_ENABLE_OBJC_ARC = YES;
				CLANG_ENABLE_OBJC_WEAK = YES;
				CLANG_WARN_BLOCK_CAPTURE_AUTORELEASING = YES;
				CLANG_WARN_BOOL_CONVERSION = YES;
				CLANG_WARN_COMMA = YES;
				CLANG_WARN_CONSTANT_CONVERSION = YES;
				CLANG_WARN_DEPRECATED_OBJC_IMPLEMENTATIONS = YES;
				CLANG_WARN_DIRECT_OBJC_ISA_USAGE = YES_ERROR;
				CLANG_WARN_DOCUMENTATION_COMMENTS = YES;
				CLANG_WARN_EMPTY_BODY = YES;
				CLANG_WARN_ENUM_CONVERSION = YES;
				CLANG_WARN_INFINITE_RECURSION = YES;
				CLANG_WARN_INT_CONVERSION = YES;
				CLANG_WARN_NON_LITERAL_NULL_CONVERSION = YES;
				CLANG_WARN_OBJC_IMPLICIT_RETAIN_SELF = YES;
				CLANG_WARN_OBJC_LITERAL_CONVERSION = YES;
				CLANG_WARN_OBJC_ROOT_CLASS = YES_ERROR;
				CLANG_WARN_QUOTED_INCLUDE_IN_FRAMEWORK_HEADER = YES;
				CLANG_WARN_RANGE_LOOP_ANALYSIS = YES;
				CLANG_WARN_STRICT_PROTOTYPES = YES;
				CLANG_WARN_SUSPICIOUS_MOVE = YES;
				CLANG_WARN_UNGUARDED_AVAILABILITY = YES_AGGRESSIVE;
				CLANG_WARN_UNREACHABLE_CODE = YES;
				CLANG_WARN__DUPLICATE_METHOD_MATCH = YES;
				COPY_PHASE_STRIP = NO;
				DEBUG_INFORMATION_FORMAT = dwarf;
				ENABLE_STRICT_OBJC_MSGSEND = YES;
				ENABLE_TESTABILITY = YES;
				GCC_C_LANGUAGE_STANDARD = gnu11;
				GCC_DYNAMIC_NO_PIC = NO;
				GCC_NO_COMMON_BLOCKS = YES;
				GCC_OPTIMIZATION_LEVEL = 0;
				GCC_PREPROCESSOR_DEFINITIONS = (
					"DEBUG=1",
					"$(inherited)",
				);
				GCC_WARN_64_TO_32_BIT_CONVERSION = YES;
				GCC_WARN_ABOUT_RETURN_TYPE = YES_ERROR;
				GCC_WARN_UNDECLARED_SELECTOR = YES;
				GCC_WARN_UNINITIALIZED_AUTOS = YES_AGGRESSIVE;
				GCC_WARN_UNUSED_FUNCTION = YES;
				GCC_WARN_UNUSED_VARIABLE = YES;
				IPHONEOS_DEPLOYMENT_TARGET = 16.0;
				MTL_ENABLE_DEBUG_INFO = INCLUDE_SOURCE;
				MTL_FAST_MATH = YES;
				ONLY_ACTIVE_ARCH = YES;
				SDKROOT = iphoneos;
				SWIFT_ACTIVE_COMPILATION_CONDITIONS = DEBUG;
				SWIFT_OPTIMIZATION_LEVEL = "-Onone";
			};
			name = Debug;
		};
		3AB97DF1292563C1008E815E /* Release */ = {
			isa = XCBuildConfiguration;
			buildSettings = {
				ALWAYS_SEARCH_USER_PATHS = NO;
				CLANG_ANALYZER_NONNULL = YES;
				CLANG_ANALYZER_NUMBER_OBJECT_CONVERSION = YES_AGGRESSIVE;
				CLANG_CXX_LANGUAGE_STANDARD = "gnu++20";
				CLANG_ENABLE_MODULES = YES;
				CLANG_ENABLE_OBJC_ARC = YES;
				CLANG_ENABLE_OBJC_WEAK = YES;
				CLANG_WARN_BLOCK_CAPTURE_AUTORELEASING = YES;
				CLANG_WARN_BOOL_CONVERSION = YES;
				CLANG_WARN_COMMA = YES;
				CLANG_WARN_CONSTANT_CONVERSION = YES;
				CLANG_WARN_DEPRECATED_OBJC_IMPLEMENTATIONS = YES;
				CLANG_WARN_DIRECT_OBJC_ISA_USAGE = YES_ERROR;
				CLANG_WARN_DOCUMENTATION_COMMENTS = YES;
				CLANG_WARN_EMPTY_BODY = YES;
				CLANG_WARN_ENUM_CONVERSION = YES;
				CLANG_WARN_INFINITE_RECURSION = YES;
				CLANG_WARN_INT_CONVERSION = YES;
				CLANG_WARN_NON_LITERAL_NULL_CONVERSION = YES;
				CLANG_WARN_OBJC_IMPLICIT_RETAIN_SELF = YES;
				CLANG_WARN_OBJC_LITERAL_CONVERSION = YES;
				CLANG_WARN_OBJC_ROOT_CLASS = YES_ERROR;
				CLANG_WARN_QUOTED_INCLUDE_IN_FRAMEWORK_HEADER = YES;
				CLANG_WARN_RANGE_LOOP_ANALYSIS = YES;
				CLANG_WARN_STRICT_PROTOTYPES = YES;
				CLANG_WARN_SUSPICIOUS_MOVE = YES;
				CLANG_WARN_UNGUARDED_AVAILABILITY = YES_AGGRESSIVE;
				CLANG_WARN_UNREACHABLE_CODE = YES;
				CLANG_WARN__DUPLICATE_METHOD_MATCH = YES;
				COPY_PHASE_STRIP = NO;
				DEBUG_INFORMATION_FORMAT = "dwarf-with-dsym";
				ENABLE_NS_ASSERTIONS = NO;
				ENABLE_STRICT_OBJC_MSGSEND = YES;
				GCC_C_LANGUAGE_STANDARD = gnu11;
				GCC_NO_COMMON_BLOCKS = YES;
				GCC_WARN_64_TO_32_BIT_CONVERSION = YES;
				GCC_WARN_ABOUT_RETURN_TYPE = YES_ERROR;
				GCC_WARN_UNDECLARED_SELECTOR = YES;
				GCC_WARN_UNINITIALIZED_AUTOS = YES_AGGRESSIVE;
				GCC_WARN_UNUSED_FUNCTION = YES;
				GCC_WARN_UNUSED_VARIABLE = YES;
				IPHONEOS_DEPLOYMENT_TARGET = 16.0;
				MTL_ENABLE_DEBUG_INFO = NO;
				MTL_FAST_MATH = YES;
				SDKROOT = iphoneos;
				SWIFT_COMPILATION_MODE = wholemodule;
				SWIFT_OPTIMIZATION_LEVEL = "-O";
				VALIDATE_PRODUCT = YES;
			};
			name = Release;
		};
		3AB97DF3292563C1008E815E /* Debug */ = {
			isa = XCBuildConfiguration;
			buildSettings = {
				ASSETCATALOG_COMPILER_APPICON_NAME = AppIcon;
				ASSETCATALOG_COMPILER_GLOBAL_ACCENT_COLOR_NAME = AccentColor;
				CODE_SIGN_STYLE = Automatic;
				CURRENT_PROJECT_VERSION = 1;
				DEVELOPMENT_ASSET_PATHS = "\"UnicoCampaniaRedesign/Preview Content\"";
				DEVELOPMENT_TEAM = CVSUPGMRAW;
				ENABLE_PREVIEWS = YES;
				GENERATE_INFOPLIST_FILE = YES;
				INFOPLIST_KEY_UIApplicationSceneManifest_Generation = YES;
				INFOPLIST_KEY_UIApplicationSupportsIndirectInputEvents = YES;
				INFOPLIST_KEY_UILaunchScreen_Generation = YES;
				INFOPLIST_KEY_UISupportedInterfaceOrientations_iPad = "UIInterfaceOrientationPortrait UIInterfaceOrientationPortraitUpsideDown UIInterfaceOrientationLandscapeLeft UIInterfaceOrientationLandscapeRight";
				INFOPLIST_KEY_UISupportedInterfaceOrientations_iPhone = "UIInterfaceOrientationPortrait UIInterfaceOrientationLandscapeLeft UIInterfaceOrientationLandscapeRight";
				IPHONEOS_DEPLOYMENT_TARGET = 16.0;
				LD_RUNPATH_SEARCH_PATHS = (
					"$(inherited)",
					"@executable_path/Frameworks",
				);
				MARKETING_VERSION = 1.0;
				PRODUCT_BUNDLE_IDENTIFIER = gperretta.UnicoCampaniaRedesign;
				PRODUCT_NAME = "$(TARGET_NAME)";
				SWIFT_EMIT_LOC_STRINGS = YES;
				SWIFT_VERSION = 5.0;
				TARGETED_DEVICE_FAMILY = "1,2";
			};
			name = Debug;
		};
		3AB97DF4292563C1008E815E /* Release */ = {
			isa = XCBuildConfiguration;
			buildSettings = {
				ASSETCATALOG_COMPILER_APPICON_NAME = AppIcon;
				ASSETCATALOG_COMPILER_GLOBAL_ACCENT_COLOR_NAME = AccentColor;
				CODE_SIGN_STYLE = Automatic;
				CURRENT_PROJECT_VERSION = 1;
				DEVELOPMENT_ASSET_PATHS = "\"UnicoCampaniaRedesign/Preview Content\"";
				DEVELOPMENT_TEAM = CVSUPGMRAW;
				ENABLE_PREVIEWS = YES;
				GENERATE_INFOPLIST_FILE = YES;
				INFOPLIST_KEY_UIApplicationSceneManifest_Generation = YES;
				INFOPLIST_KEY_UIApplicationSupportsIndirectInputEvents = YES;
				INFOPLIST_KEY_UILaunchScreen_Generation = YES;
				INFOPLIST_KEY_UISupportedInterfaceOrientations_iPad = "UIInterfaceOrientationPortrait UIInterfaceOrientationPortraitUpsideDown UIInterfaceOrientationLandscapeLeft UIInterfaceOrientationLandscapeRight";
				INFOPLIST_KEY_UISupportedInterfaceOrientations_iPhone = "UIInterfaceOrientationPortrait UIInterfaceOrientationLandscapeLeft UIInterfaceOrientationLandscapeRight";
				IPHONEOS_DEPLOYMENT_TARGET = 16.0;
				LD_RUNPATH_SEARCH_PATHS = (
					"$(inherited)",
					"@executable_path/Frameworks",
				);
				MARKETING_VERSION = 1.0;
				PRODUCT_BUNDLE_IDENTIFIER = gperretta.UnicoCampaniaRedesign;
				PRODUCT_NAME = "$(TARGET_NAME)";
				SWIFT_EMIT_LOC_STRINGS = YES;
				SWIFT_VERSION = 5.0;
				TARGETED_DEVICE_FAMILY = "1,2";
			};
			name = Release;
		};
/* End XCBuildConfiguration section */

/* Begin XCConfigurationList section */
		3AB97DDF292563C0008E815E /* Build configuration list for PBXProject "UnicoCampaniaRedesign" */ = {
			isa = XCConfigurationList;
			buildConfigurations = (
				3AB97DF0292563C1008E815E /* Debug */,
				3AB97DF1292563C1008E815E /* Release */,
			);
			defaultConfigurationIsVisible = 0;
			defaultConfigurationName = Release;
		};
		3AB97DF2292563C1008E815E /* Build configuration list for PBXNativeTarget "UnicoCampaniaRedesign" */ = {
			isa = XCConfigurationList;
			buildConfigurations = (
				3AB97DF3292563C1008E815E /* Debug */,
				3AB97DF4292563C1008E815E /* Release */,
			);
			defaultConfigurationIsVisible = 0;
			defaultConfigurationName = Release;
		};
/* End XCConfigurationList section */
	};
	rootObject = 3AB97DDC292563C0008E815E /* Project object */;
}
